
Microsoft Visual Studio Solution File, Format Version 12.00
# Visual Studio Version 16
VisualStudioVersion = 16.0.31911.196
MinimumVisualStudioVersion = 10.0.40219.1
Project("{FAE04EC0-301F-11D3-BF4B-00C04F79EFBC}") = "seizeBiliName", "seizeBiliName\seizeBiliName.csproj", "{53A84729-28C8-4F1B-9DC3-EC4B3B0D8848}"
EndProject
Global
	GlobalSection(SolutionConfigurationPlatforms) = preSolution
		Debug|Any CPU = Debug|Any CPU
		Release|Any CPU = Release|Any CPU
	EndGlobalSection
	GlobalSection(ProjectConfigurationPlatforms) = postSolution
		{53A84729-28C8-4F1B-9DC3-EC4B3B0D8848}.Debug|Any CPU.ActiveCfg = Debug|Any CPU
		{53A84729-28C8-4F1B-9DC3-EC4B3B0D8848}.Debug|Any CPU.Build.0 = Debug|Any CPU
		{53A84729-28C8-4F1B-9DC3-EC4B3B0D8848}.Release|Any CPU.ActiveCfg = Release|Any CPU
		{53A84729-28C8-4F1B-9DC3-EC4B3B0D8848}.Release|Any CPU.Build.0 = Release|Any CPU
	EndGlobalSection
	GlobalSection(SolutionProperties) = preSolution
		HideSolutionNode = FALSE
	EndGlobalSection
	GlobalSection(ExtensibilityGlobals) = postSolution
		SolutionGuid = {90753394-5F24-417C-B5B8-A620B8550A59}
	EndGlobalSection
EndGlobal
